// !$*UTF8*$!
{
	archiveVersion = 1;
	classes = {
	};
	objectVersion = 50;
	objects = {

/* Begin PBXBuildFile section */
		466F7E2055726AFFCC01B0D5 /* Pods_Makestagram.framework in Frameworks */ = {isa = PBXBuildFile; fileRef = 4A62004025959980BB5A0199 /* Pods_Makestagram.framework */; };
		6F61577720F5513E007C9B1B /* GoogleService-Info.plist in Resources */ = {isa = PBXBuildFile; fileRef = 6F61577620F5513E007C9B1B /* GoogleService-Info.plist */; };
		6F924DC320F9171B00A75F24 /* Storyboard+Utility.swift in Sources */ = {isa = PBXBuildFile; fileRef = 6F924DC220F9171B00A75F24 /* Storyboard+Utility.swift */; };
		6F97886A20F55C5A00DD3958 /* Main.storyboard in Resources */ = {isa = PBXBuildFile; fileRef = 6F97886920F55C5A00DD3958 /* Main.storyboard */; };
		6F97886E20F561A700DD3958 /* Login.storyboard in Resources */ = {isa = PBXBuildFile; fileRef = 6F97886D20F561A700DD3958 /* Login.storyboard */; };
		6F97887020F562AD00DD3958 /* LoginViewController.swift in Sources */ = {isa = PBXBuildFile; fileRef = 6F97886F20F562AD00DD3958 /* LoginViewController.swift */; };
		6F97887220F6B52200DD3958 /* User.swift in Sources */ = {isa = PBXBuildFile; fileRef = 6F97887120F6B52200DD3958 /* User.swift */; };
		6FA6BDCA20F545E900BA443B /* AppDelegate.swift in Sources */ = {isa = PBXBuildFile; fileRef = 6FA6BDC920F545E900BA443B /* AppDelegate.swift */; };
		6FA6BDCC20F545E900BA443B /* ViewController.swift in Sources */ = {isa = PBXBuildFile; fileRef = 6FA6BDCB20F545E900BA443B /* ViewController.swift */; };
		6FA6BDD120F545EB00BA443B /* Assets.xcassets in Resources */ = {isa = PBXBuildFile; fileRef = 6FA6BDD020F545EB00BA443B /* Assets.xcassets */; };
		6FA6BDD420F545EB00BA443B /* LaunchScreen.storyboard in Resources */ = {isa = PBXBuildFile; fileRef = 6FA6BDD220F545EB00BA443B /* LaunchScreen.storyboard */; };
		6FB1C4D920F7C33C00D1B5CC /* CreateUsernameViewController.swift in Sources */ = {isa = PBXBuildFile; fileRef = 6FB1C4D820F7C33C00D1B5CC /* CreateUsernameViewController.swift */; };
		6FB1C4DD20F7CF0600D1B5CC /* UserService.swift in Sources */ = {isa = PBXBuildFile; fileRef = 6FB1C4DC20F7CF0600D1B5CC /* UserService.swift */; };
		6FB1C4DF20F7F4F500D1B5CC /* Constants.swift in Sources */ = {isa = PBXBuildFile; fileRef = 6FB1C4DE20F7F4F500D1B5CC /* Constants.swift */; };
/* End PBXBuildFile section */

/* Begin PBXFileReference section */
		37093A413E7710EF0D6BBC01 /* Pods-Makestagram.debug.xcconfig */ = {isa = PBXFileReference; includeInIndex = 1; lastKnownFileType = text.xcconfig; name = "Pods-Makestagram.debug.xcconfig"; path = "Pods/Target Support Files/Pods-Makestagram/Pods-Makestagram.debug.xcconfig"; sourceTree = "<group>"; };
		4A62004025959980BB5A0199 /* Pods_Makestagram.framework */ = {isa = PBXFileReference; explicitFileType = wrapper.framework; includeInIndex = 0; path = Pods_Makestagram.framework; sourceTree = BUILT_PRODUCTS_DIR; };
		6F61577620F5513E007C9B1B /* GoogleService-Info.plist */ = {isa = PBXFileReference; fileEncoding = 4; lastKnownFileType = text.plist.xml; path = "GoogleService-Info.plist"; sourceTree = "<group>"; };
		6F924DC220F9171B00A75F24 /* Storyboard+Utility.swift */ = {isa = PBXFileReference; lastKnownFileType = sourcecode.swift; path = "Storyboard+Utility.swift"; sourceTree = "<group>"; };
		6F97886920F55C5A00DD3958 /* Main.storyboard */ = {isa = PBXFileReference; lastKnownFileType = file.storyboard; path = Main.storyboard; sourceTree = "<group>"; };
		6F97886D20F561A700DD3958 /* Login.storyboard */ = {isa = PBXFileReference; lastKnownFileType = file.storyboard; path = Login.storyboard; sourceTree = "<group>"; };
		6F97886F20F562AD00DD3958 /* LoginViewController.swift */ = {isa = PBXFileReference; lastKnownFileType = sourcecode.swift; path = LoginViewController.swift; sourceTree = "<group>"; };
		6F97887120F6B52200DD3958 /* User.swift */ = {isa = PBXFileReference; lastKnownFileType = sourcecode.swift; path = User.swift; sourceTree = "<group>"; };
		6FA6BDC620F545E900BA443B /* Makestagram.app */ = {isa = PBXFileReference; explicitFileType = wrapper.application; includeInIndex = 0; path = Makestagram.app; sourceTree = BUILT_PRODUCTS_DIR; };
		6FA6BDC920F545E900BA443B /* AppDelegate.swift */ = {isa = PBXFileReference; lastKnownFileType = sourcecode.swift; path = AppDelegate.swift; sourceTree = "<group>"; };
		6FA6BDCB20F545E900BA443B /* ViewController.swift */ = {isa = PBXFileReference; lastKnownFileType = sourcecode.swift; path = ViewController.swift; sourceTree = "<group>"; };
		6FA6BDD020F545EB00BA443B /* Assets.xcassets */ = {isa = PBXFileReference; lastKnownFileType = folder.assetcatalog; path = Assets.xcassets; sourceTree = "<group>"; };
		6FA6BDD320F545EB00BA443B /* Base */ = {isa = PBXFileReference; lastKnownFileType = file.storyboard; name = Base; path = Base.lproj/LaunchScreen.storyboard; sourceTree = "<group>"; };
		6FA6BDD520F545EB00BA443B /* Info.plist */ = {isa = PBXFileReference; lastKnownFileType = text.plist.xml; path = Info.plist; sourceTree = "<group>"; };
		6FB1C4D820F7C33C00D1B5CC /* CreateUsernameViewController.swift */ = {isa = PBXFileReference; lastKnownFileType = sourcecode.swift; path = CreateUsernameViewController.swift; sourceTree = "<group>"; };
		6FB1C4DC20F7CF0600D1B5CC /* UserService.swift */ = {isa = PBXFileReference; lastKnownFileType = sourcecode.swift; path = UserService.swift; sourceTree = "<group>"; };
		6FB1C4DE20F7F4F500D1B5CC /* Constants.swift */ = {isa = PBXFileReference; lastKnownFileType = sourcecode.swift; path = Constants.swift; sourceTree = "<group>"; };
		D5A45D607D144B5BE36A9758 /* Pods-Makestagram.release.xcconfig */ = {isa = PBXFileReference; includeInIndex = 1; lastKnownFileType = text.xcconfig; name = "Pods-Makestagram.release.xcconfig"; path = "Pods/Target Support Files/Pods-Makestagram/Pods-Makestagram.release.xcconfig"; sourceTree = "<group>"; };
/* End PBXFileReference section */

/* Begin PBXFrameworksBuildPhase section */
		6FA6BDC320F545E900BA443B /* Frameworks */ = {
			isa = PBXFrameworksBuildPhase;
			buildActionMask = 2147483647;
			files = (
				466F7E2055726AFFCC01B0D5 /* Pods_Makestagram.framework in Frameworks */,
			);
			runOnlyForDeploymentPostprocessing = 0;
		};
/* End PBXFrameworksBuildPhase section */

/* Begin PBXGroup section */
		280FED83AC402977A66F030D /* Pods */ = {
			isa = PBXGroup;
			children = (
				37093A413E7710EF0D6BBC01 /* Pods-Makestagram.debug.xcconfig */,
				D5A45D607D144B5BE36A9758 /* Pods-Makestagram.release.xcconfig */,
			);
			name = Pods;
			sourceTree = "<group>";
		};
		6F61577820F55561007C9B1B /* Controllers */ = {
			isa = PBXGroup;
			children = (
				6FA6BDCB20F545E900BA443B /* ViewController.swift */,
				6F97886F20F562AD00DD3958 /* LoginViewController.swift */,
				6FB1C4D820F7C33C00D1B5CC /* CreateUsernameViewController.swift */,
			);
			path = Controllers;
			sourceTree = "<group>";
		};
		6F61577920F555B9007C9B1B /* Extensions */ = {
			isa = PBXGroup;
			children = (
				6F924DC220F9171B00A75F24 /* Storyboard+Utility.swift */,
			);
			path = Extensions;
			sourceTree = "<group>";
		};
		6F61577A20F555C2007C9B1B /* Helpers */ = {
			isa = PBXGroup;
			children = (
			);
			path = Helpers;
			sourceTree = "<group>";
		};
		6F61577B20F555C6007C9B1B /* Models */ = {
			isa = PBXGroup;
			children = (
				6F97887120F6B52200DD3958 /* User.swift */,
			);
			path = Models;
			sourceTree = "<group>";
		};
		6F61577C20F555EF007C9B1B /* Services */ = {
			isa = PBXGroup;
			children = (
				6FB1C4DC20F7CF0600D1B5CC /* UserService.swift */,
			);
			path = Services;
			sourceTree = "<group>";
		};
		6F61577D20F555F9007C9B1B /* Storyboards */ = {
			isa = PBXGroup;
			children = (
				6F97886D20F561A700DD3958 /* Login.storyboard */,
				6F97886920F55C5A00DD3958 /* Main.storyboard */,
				6FA6BDD220F545EB00BA443B /* LaunchScreen.storyboard */,
			);
			path = Storyboards;
			sourceTree = "<group>";
		};
		6F61577E20F55603007C9B1B /* Supporting */ = {
			isa = PBXGroup;
			children = (
				6F61577620F5513E007C9B1B /* GoogleService-Info.plist */,
				6FA6BDD520F545EB00BA443B /* Info.plist */,
				6FB1C4DE20F7F4F500D1B5CC /* Constants.swift */,
			);
			path = Supporting;
			sourceTree = "<group>";
		};
		6F61577F20F55608007C9B1B /* Views */ = {
			isa = PBXGroup;
			children = (
			);
			path = Views;
			sourceTree = "<group>";
		};
		6FA6BDBD20F545E900BA443B = {
			isa = PBXGroup;
			children = (
				6FA6BDC820F545E900BA443B /* Makestagram */,
				6FA6BDC720F545E900BA443B /* Products */,
				280FED83AC402977A66F030D /* Pods */,
				CBE9BE3089C8136198A3C7A0 /* Frameworks */,
			);
			sourceTree = "<group>";
		};
		6FA6BDC720F545E900BA443B /* Products */ = {
			isa = PBXGroup;
			children = (
				6FA6BDC620F545E900BA443B /* Makestagram.app */,
			);
			name = Products;
			sourceTree = "<group>";
		};
		6FA6BDC820F545E900BA443B /* Makestagram */ = {
			isa = PBXGroup;
			children = (
				6F61577F20F55608007C9B1B /* Views */,
				6F61577E20F55603007C9B1B /* Supporting */,
				6F61577D20F555F9007C9B1B /* Storyboards */,
				6F61577C20F555EF007C9B1B /* Services */,
				6F61577B20F555C6007C9B1B /* Models */,
				6F61577A20F555C2007C9B1B /* Helpers */,
				6F61577920F555B9007C9B1B /* Extensions */,
				6F61577820F55561007C9B1B /* Controllers */,
				6FA6BDC920F545E900BA443B /* AppDelegate.swift */,
				6FA6BDD020F545EB00BA443B /* Assets.xcassets */,
			);
			path = Makestagram;
			sourceTree = "<group>";
		};
		CBE9BE3089C8136198A3C7A0 /* Frameworks */ = {
			isa = PBXGroup;
			children = (
				4A62004025959980BB5A0199 /* Pods_Makestagram.framework */,
			);
			name = Frameworks;
			sourceTree = "<group>";
		};
/* End PBXGroup section */

/* Begin PBXNativeTarget section */
		6FA6BDC520F545E900BA443B /* Makestagram */ = {
			isa = PBXNativeTarget;
			buildConfigurationList = 6FA6BDD820F545EB00BA443B /* Build configuration list for PBXNativeTarget "Makestagram" */;
			buildPhases = (
				D9E586ED3C903C96B1B16F30 /* [CP] Check Pods Manifest.lock */,
				6FA6BDC220F545E900BA443B /* Sources */,
				6FA6BDC320F545E900BA443B /* Frameworks */,
				6FA6BDC420F545E900BA443B /* Resources */,
				59A42723A66DC77F2A09C0C5 /* [CP] Embed Pods Frameworks */,
				8C3BA1E44A2EEC8A9C1CC300 /* [CP] Copy Pods Resources */,
			);
			buildRules = (
			);
			dependencies = (
			);
			name = Makestagram;
			productName = Makestagram;
			productReference = 6FA6BDC620F545E900BA443B /* Makestagram.app */;
			productType = "com.apple.product-type.application";
		};
/* End PBXNativeTarget section */

/* Begin PBXProject section */
		6FA6BDBE20F545E900BA443B /* Project object */ = {
			isa = PBXProject;
			attributes = {
				LastSwiftUpdateCheck = 0940;
				LastUpgradeCheck = 0940;
				ORGANIZATIONNAME = "Make School";
				TargetAttributes = {
					6FA6BDC520F545E900BA443B = {
						CreatedOnToolsVersion = 9.4.1;
					};
				};
			};
			buildConfigurationList = 6FA6BDC120F545E900BA443B /* Build configuration list for PBXProject "Makestagram" */;
			compatibilityVersion = "Xcode 9.3";
			developmentRegion = en;
			hasScannedForEncodings = 0;
			knownRegions = (
				en,
				Base,
			);
			mainGroup = 6FA6BDBD20F545E900BA443B;
			productRefGroup = 6FA6BDC720F545E900BA443B /* Products */;
			projectDirPath = "";
			projectRoot = "";
			targets = (
				6FA6BDC520F545E900BA443B /* Makestagram */,
			);
		};
/* End PBXProject section */

/* Begin PBXResourcesBuildPhase section */
		6FA6BDC420F545E900BA443B /* Resources */ = {
			isa = PBXResourcesBuildPhase;
			buildActionMask = 2147483647;
			files = (
				6FA6BDD420F545EB00BA443B /* LaunchScreen.storyboard in Resources */,
				6F97886A20F55C5A00DD3958 /* Main.storyboard in Resources */,
				6F61577720F5513E007C9B1B /* GoogleService-Info.plist in Resources */,
				6F97886E20F561A700DD3958 /* Login.storyboard in Resources */,
				6FA6BDD120F545EB00BA443B /* Assets.xcassets in Resources */,
			);
			runOnlyForDeploymentPostprocessing = 0;
		};
/* End PBXResourcesBuildPhase section */

/* Begin PBXShellScriptBuildPhase section */
		59A42723A66DC77F2A09C0C5 /* [CP] Embed Pods Frameworks */ = {
			isa = PBXShellScriptBuildPhase;
			buildActionMask = 2147483647;
			files = (
			);
			inputPaths = (
				"${SRCROOT}/Pods/Target Support Files/Pods-Makestagram/Pods-Makestagram-frameworks.sh",
				"${BUILT_PRODUCTS_DIR}/GTMSessionFetcher/GTMSessionFetcher.framework",
				"${BUILT_PRODUCTS_DIR}/GoogleToolboxForMac/GoogleToolboxForMac.framework",
				"${BUILT_PRODUCTS_DIR}/leveldb-library/leveldb.framework",
				"${BUILT_PRODUCTS_DIR}/nanopb/nanopb.framework",
			);
			name = "[CP] Embed Pods Frameworks";
			outputPaths = (
				"${TARGET_BUILD_DIR}/${FRAMEWORKS_FOLDER_PATH}/GTMSessionFetcher.framework",
				"${TARGET_BUILD_DIR}/${FRAMEWORKS_FOLDER_PATH}/GoogleToolboxForMac.framework",
				"${TARGET_BUILD_DIR}/${FRAMEWORKS_FOLDER_PATH}/leveldb.framework",
				"${TARGET_BUILD_DIR}/${FRAMEWORKS_FOLDER_PATH}/nanopb.framework",
			);
			runOnlyForDeploymentPostprocessing = 0;
			shellPath = /bin/sh;
			shellScript = "\"${SRCROOT}/Pods/Target Support Files/Pods-Makestagram/Pods-Makestagram-frameworks.sh\"\n";
			showEnvVarsInLog = 0;
		};
		8C3BA1E44A2EEC8A9C1CC300 /* [CP] Copy Pods Resources */ = {
			isa = PBXShellScriptBuildPhase;
			buildActionMask = 2147483647;
			files = (
			);
			inputPaths = (
				"${SRCROOT}/Pods/Target Support Files/Pods-Makestagram/Pods-Makestagram-resources.sh",
				"${PODS_CONFIGURATION_BUILD_DIR}/FirebaseUI/FirebaseAuthUI.bundle",
			);
			name = "[CP] Copy Pods Resources";
			outputPaths = (
				"${TARGET_BUILD_DIR}/${UNLOCALIZED_RESOURCES_FOLDER_PATH}/FirebaseAuthUI.bundle",
			);
			runOnlyForDeploymentPostprocessing = 0;
			shellPath = /bin/sh;
			shellScript = "\"${SRCROOT}/Pods/Target Support Files/Pods-Makestagram/Pods-Makestagram-resources.sh\"\n";
			showEnvVarsInLog = 0;
		};
		D9E586ED3C903C96B1B16F30 /* [CP] Check Pods Manifest.lock */ = {
			isa = PBXShellScriptBuildPhase;
			buildActionMask = 2147483647;
			files = (
			);
			inputPaths = (
				"${PODS_PODFILE_DIR_PATH}/Podfile.lock",
				"${PODS_ROOT}/Manifest.lock",
			);
			name = "[CP] Check Pods Manifest.lock";
			outputPaths = (
				"$(DERIVED_FILE_DIR)/Pods-Makestagram-checkManifestLockResult.txt",
			);
			runOnlyForDeploymentPostprocessing = 0;
			shellPath = /bin/sh;
			shellScript = "diff \"${PODS_PODFILE_DIR_PATH}/Podfile.lock\" \"${PODS_ROOT}/Manifest.lock\" > /dev/null\nif [ $? != 0 ] ; then\n    # print error to STDERR\n    echo \"error: The sandbox is not in sync with the Podfile.lock. Run 'pod install' or update your CocoaPods installation.\" >&2\n    exit 1\nfi\n# This output is used by Xcode 'outputs' to avoid re-running this script phase.\necho \"SUCCESS\" > \"${SCRIPT_OUTPUT_FILE_0}\"\n";
			showEnvVarsInLog = 0;
		};
/* End PBXShellScriptBuildPhase section */

/* Begin PBXSourcesBuildPhase section */
		6FA6BDC220F545E900BA443B /* Sources */ = {
			isa = PBXSourcesBuildPhase;
			buildActionMask = 2147483647;
			files = (
				6F97887220F6B52200DD3958 /* User.swift in Sources */,
				6F97887020F562AD00DD3958 /* LoginViewController.swift in Sources */,
				6FB1C4DD20F7CF0600D1B5CC /* UserService.swift in Sources */,
				6F924DC320F9171B00A75F24 /* Storyboard+Utility.swift in Sources */,
				6FA6BDCC20F545E900BA443B /* ViewController.swift in Sources */,
				6FB1C4DF20F7F4F500D1B5CC /* Constants.swift in Sources */,
				6FB1C4D920F7C33C00D1B5CC /* CreateUsernameViewController.swift in Sources */,
				6FA6BDCA20F545E900BA443B /* AppDelegate.swift in Sources */,
			);
			runOnlyForDeploymentPostprocessing = 0;
		};
/* End PBXSourcesBuildPhase section */

/* Begin PBXVariantGroup section */
		6FA6BDD220F545EB00BA443B /* LaunchScreen.storyboard */ = {
			isa = PBXVariantGroup;
			children = (
				6FA6BDD320F545EB00BA443B /* Base */,
			);
			name = LaunchScreen.storyboard;
			sourceTree = "<group>";
		};
/* End PBXVariantGroup section */

/* Begin XCBuildConfiguration section */
		6FA6BDD620F545EB00BA443B /* Debug */ = {
			isa = XCBuildConfiguration;
			buildSettings = {
				ALWAYS_SEARCH_USER_PATHS = NO;
				CLANG_ANALYZER_NONNULL = YES;
				CLANG_ANALYZER_NUMBER_OBJECT_CONVERSION = YES_AGGRESSIVE;
				CLANG_CXX_LANGUAGE_STANDARD = "gnu++14";
				CLANG_CXX_LIBRARY = "libc++";
				CLANG_ENABLE_MODULES = YES;
				CLANG_ENABLE_OBJC_ARC = YES;
				CLANG_ENABLE_OBJC_WEAK = YES;
				CLANG_WARN_BLOCK_CAPTURE_AUTORELEASING = YES;
				CLANG_WARN_BOOL_CONVERSION = YES;
				CLANG_WARN_COMMA = YES;
				CLANG_WARN_CONSTANT_CONVERSION = YES;
				CLANG_WARN_DEPRECATED_OBJC_IMPLEMENTATIONS = YES;
				CLANG_WARN_DIRECT_OBJC_ISA_USAGE = YES_ERROR;
				CLANG_WARN_DOCUMENTATION_COMMENTS = YES;
				CLANG_WARN_EMPTY_BODY = YES;
				CLANG_WARN_ENUM_CONVERSION = YES;
				CLANG_WARN_INFINITE_RECURSION = YES;
				CLANG_WARN_INT_CONVERSION = YES;
				CLANG_WARN_NON_LITERAL_NULL_CONVERSION = YES;
				CLANG_WARN_OBJC_IMPLICIT_RETAIN_SELF = YES;
				CLANG_WARN_OBJC_LITERAL_CONVERSION = YES;
				CLANG_WARN_OBJC_ROOT_CLASS = YES_ERROR;
				CLANG_WARN_RANGE_LOOP_ANALYSIS = YES;
				CLANG_WARN_STRICT_PROTOTYPES = YES;
				CLANG_WARN_SUSPICIOUS_MOVE = YES;
				CLANG_WARN_UNGUARDED_AVAILABILITY = YES_AGGRESSIVE;
				CLANG_WARN_UNREACHABLE_CODE = YES;
				CLANG_WARN__DUPLICATE_METHOD_MATCH = YES;
				CODE_SIGN_IDENTITY = "iPhone Developer";
				COPY_PHASE_STRIP = NO;
				DEBUG_INFORMATION_FORMAT = dwarf;
				ENABLE_STRICT_OBJC_MSGSEND = YES;
				ENABLE_TESTABILITY = YES;
				GCC_C_LANGUAGE_STANDARD = gnu11;
				GCC_DYNAMIC_NO_PIC = NO;
				GCC_NO_COMMON_BLOCKS = YES;
				GCC_OPTIMIZATION_LEVEL = 0;
				GCC_PREPROCESSOR_DEFINITIONS = (
					"DEBUG=1",
					"$(inherited)",
				);
				GCC_WARN_64_TO_32_BIT_CONVERSION = YES;
				GCC_WARN_ABOUT_RETURN_TYPE = YES_ERROR;
				GCC_WARN_UNDECLARED_SELECTOR = YES;
				GCC_WARN_UNINITIALIZED_AUTOS = YES_AGGRESSIVE;
				GCC_WARN_UNUSED_FUNCTION = YES;
				GCC_WARN_UNUSED_VARIABLE = YES;
				IPHONEOS_DEPLOYMENT_TARGET = 11.4;
				MTL_ENABLE_DEBUG_INFO = YES;
				ONLY_ACTIVE_ARCH = YES;
				SDKROOT = iphoneos;
				SWIFT_ACTIVE_COMPILATION_CONDITIONS = DEBUG;
				SWIFT_OPTIMIZATION_LEVEL = "-Onone";
			};
			name = Debug;
		};
		6FA6BDD720F545EB00BA443B /* Release */ = {
			isa = XCBuildConfiguration;
			buildSettings = {
				ALWAYS_SEARCH_USER_PATHS = NO;
				CLANG_ANALYZER_NONNULL = YES;
				CLANG_ANALYZER_NUMBER_OBJECT_CONVERSION = YES_AGGRESSIVE;
				CLANG_CXX_LANGUAGE_STANDARD = "gnu++14";
				CLANG_CXX_LIBRARY = "libc++";
				CLANG_ENABLE_MODULES = YES;
				CLANG_ENABLE_OBJC_ARC = YES;
				CLANG_ENABLE_OBJC_WEAK = YES;
				CLANG_WARN_BLOCK_CAPTURE_AUTORELEASING = YES;
				CLANG_WARN_BOOL_CONVERSION = YES;
				CLANG_WARN_COMMA = YES;
				CLANG_WARN_CONSTANT_CONVERSION = YES;
				CLANG_WARN_DEPRECATED_OBJC_IMPLEMENTATIONS = YES;
				CLANG_WARN_DIRECT_OBJC_ISA_USAGE = YES_ERROR;
				CLANG_WARN_DOCUMENTATION_COMMENTS = YES;
				CLANG_WARN_EMPTY_BODY = YES;
				CLANG_WARN_ENUM_CONVERSION = YES;
				CLANG_WARN_INFINITE_RECURSION = YES;
				CLANG_WARN_INT_CONVERSION = YES;
				CLANG_WARN_NON_LITERAL_NULL_CONVERSION = YES;
				CLANG_WARN_OBJC_IMPLICIT_RETAIN_SELF = YES;
				CLANG_WARN_OBJC_LITERAL_CONVERSION = YES;
				CLANG_WARN_OBJC_ROOT_CLASS = YES_ERROR;
				CLANG_WARN_RANGE_LOOP_ANALYSIS = YES;
				CLANG_WARN_STRICT_PROTOTYPES = YES;
				CLANG_WARN_SUSPICIOUS_MOVE = YES;
				CLANG_WARN_UNGUARDED_AVAILABILITY = YES_AGGRESSIVE;
				CLANG_WARN_UNREACHABLE_CODE = YES;
				CLANG_WARN__DUPLICATE_METHOD_MATCH = YES;
				CODE_SIGN_IDENTITY = "iPhone Developer";
				COPY_PHASE_STRIP = NO;
				DEBUG_INFORMATION_FORMAT = "dwarf-with-dsym";
				ENABLE_NS_ASSERTIONS = NO;
				ENABLE_STRICT_OBJC_MSGSEND = YES;
				GCC_C_LANGUAGE_STANDARD = gnu11;
				GCC_NO_COMMON_BLOCKS = YES;
				GCC_WARN_64_TO_32_BIT_CONVERSION = YES;
				GCC_WARN_ABOUT_RETURN_TYPE = YES_ERROR;
				GCC_WARN_UNDECLARED_SELECTOR = YES;
				GCC_WARN_UNINITIALIZED_AUTOS = YES_AGGRESSIVE;
				GCC_WARN_UNUSED_FUNCTION = YES;
				GCC_WARN_UNUSED_VARIABLE = YES;
				IPHONEOS_DEPLOYMENT_TARGET = 11.4;
				MTL_ENABLE_DEBUG_INFO = NO;
				SDKROOT = iphoneos;
				SWIFT_COMPILATION_MODE = wholemodule;
				SWIFT_OPTIMIZATION_LEVEL = "-O";
				VALIDATE_PRODUCT = YES;
			};
			name = Release;
		};
		6FA6BDD920F545EB00BA443B /* Debug */ = {
			isa = XCBuildConfiguration;
			baseConfigurationReference = 37093A413E7710EF0D6BBC01 /* Pods-Makestagram.debug.xcconfig */;
			buildSettings = {
				ASSETCATALOG_COMPILER_APPICON_NAME = AppIcon;
				CODE_SIGN_STYLE = Automatic;
				INFOPLIST_FILE = "$(SRCROOT)/Makestagram/Supporting/Info.plist";
				LD_RUNPATH_SEARCH_PATHS = (
					"$(inherited)",
					"@executable_path/Frameworks",
				);
				PRODUCT_BUNDLE_IDENTIFIER = com.makeschool.Makestagram;
				PRODUCT_NAME = "$(TARGET_NAME)";
				SWIFT_VERSION = 4.0;
				TARGETED_DEVICE_FAMILY = "1,2";
			};
			name = Debug;
		};
		6FA6BDDA20F545EB00BA443B /* Release */ = {
			isa = XCBuildConfiguration;
			baseConfigurationReference = D5A45D607D144B5BE36A9758 /* Pods-Makestagram.release.xcconfig */;
			buildSettings = {
				ASSETCATALOG_COMPILER_APPICON_NAME = AppIcon;
				CODE_SIGN_STYLE = Automatic;
				INFOPLIST_FILE = "$(SRCROOT)/Makestagram/Supporting/Info.plist";
				LD_RUNPATH_SEARCH_PATHS = (
					"$(inherited)",
					"@executable_path/Frameworks",
				);
				PRODUCT_BUNDLE_IDENTIFIER = com.makeschool.Makestagram;
				PRODUCT_NAME = "$(TARGET_NAME)";
				SWIFT_VERSION = 4.0;
				TARGETED_DEVICE_FAMILY = "1,2";
			};
			name = Release;
		};
/* End XCBuildConfiguration section */

/* Begin XCConfigurationList section */
		6FA6BDC120F545E900BA443B /* Build configuration list for PBXProject "Makestagram" */ = {
			isa = XCConfigurationList;
			buildConfigurations = (
				6FA6BDD620F545EB00BA443B /* Debug */,
				6FA6BDD720F545EB00BA443B /* Release */,
			);
			defaultConfigurationIsVisible = 0;
			defaultConfigurationName = Release;
		};
		6FA6BDD820F545EB00BA443B /* Build configuration list for PBXNativeTarget "Makestagram" */ = {
			isa = XCConfigurationList;
			buildConfigurations = (
				6FA6BDD920F545EB00BA443B /* Debug */,
				6FA6BDDA20F545EB00BA443B /* Release */,
			);
			defaultConfigurationIsVisible = 0;
			defaultConfigurationName = Release;
		};
/* End XCConfigurationList section */
	};
	rootObject = 6FA6BDBE20F545E900BA443B /* Project object */;
}
